{
  "requires": true,
  "lockfileVersion": 1,
  "dependencies": {
    "node-fetch": {
      "version": "2.6.7",
      "resolved": "https://registry.npmjs.org/node-fetch/-/node-fetch-2.6.7.tgz",
      "integrity": "sha512-ZjMPFEfVx5j+y2yF35Kzx5sF7kDzxuDj6ziH4FFbOp87zKDZNx8yExJIb05OGF4Nlt9IHFIMBkRl41VdvcNdbQ==",
      "requires": {
        "whatwg-url": "^5.0.0"
      }
    },
    "serverless-plugin-typetalk": {
      "version": "1.0.0",
      "resolved": "https://registry.npmjs.org/serverless-plugin-typetalk/-/serverless-plugin-typetalk-1.0.0.tgz",
      "integrity": "sha512-zsQ5CntIGNwyuKl1uOgzYBvQZfXs09LQhfkSYHE8xZHCXWlQ4bhgr9xUYK/EFOWBal/4yzWRhlOrfcQ3HmYbAg==",
      "requires": {
        "typetalk": "0.0.10"
      }
    },
    "tr46": {
      "version": "0.0.3",
      "resolved": "https://registry.npmjs.org/tr46/-/tr46-0.0.3.tgz",
      "integrity": "sha1-gYT9NH2snNwYWZLzpmIuFLnZq2o="
    },
    "typetalk": {
      "version": "0.0.10",
      "resolved": "https://registry.npmjs.org/typetalk/-/typetalk-0.0.10.tgz",
      "integrity": "sha512-Mx6HKhuFe69jlnIv8hrfEx6pHdaTdR4mziSoSBZlAPehNXsMsz2wW/C7TvJh1mPe2VpSo4mETa85cd+xg62Wjg==",
      "requires": {
        "node-fetch": "^2.3.0"
      }
    },
    "webidl-conversions": {
      "version": "3.0.1",
      "resolved": "https://registry.npmjs.org/webidl-conversions/-/webidl-conversions-3.0.1.tgz",
      "integrity": "sha1-JFNCdeKnvGvnvIZhHMFq4KVlSHE="
    },
    "whatwg-url": {
      "version": "5.0.0",
      "resolved": "https://registry.npmjs.org/whatwg-url/-/whatwg-url-5.0.0.tgz",
      "integrity": "sha1-lmRU6HZUYuN2RNNib2dCzotwll0=",
      "requires": {
        "tr46": "~0.0.3",
        "webidl-conversions": "^3.0.0"
      }
    }
  }
}
