{
  "requires": true,
  "lockfileVersion": 1,
  "dependencies": {
    "node-fetch": {
      "version": "2.6.0",
      "resolved": "https://registry.npmjs.org/node-fetch/-/node-fetch-2.6.0.tgz",
      "integrity": "sha512-8dG4H5ujfvFiqDmVu9fQ5bOHUC15JMjMY/Zumv26oOvvVJjM67KF8koCWIabKQ1GJIa9r2mMZscBq/TbdOcmNA=="
    },
    "serverless-plugin-typetalk": {
      "version": "1.0.0",
      "resolved": "https://registry.npmjs.org/serverless-plugin-typetalk/-/serverless-plugin-typetalk-1.0.0.tgz",
      "integrity": "sha512-zsQ5CntIGNwyuKl1uOgzYBvQZfXs09LQhfkSYHE8xZHCXWlQ4bhgr9xUYK/EFOWBal/4yzWRhlOrfcQ3HmYbAg==",
      "requires": {
        "typetalk": "0.0.10"
      }
    },
    "typetalk": {
      "version": "0.0.10",
      "resolved": "https://registry.npmjs.org/typetalk/-/typetalk-0.0.10.tgz",
      "integrity": "sha512-Mx6HKhuFe69jlnIv8hrfEx6pHdaTdR4mziSoSBZlAPehNXsMsz2wW/C7TvJh1mPe2VpSo4mETa85cd+xg62Wjg==",
      "requires": {
        "node-fetch": "^2.3.0"
      }
    }
  }
}
